
Microsoft Visual Studio Solution File, Format Version 12.00
# Visual Studio Version 17
VisualStudioVersion = 17.8.34511.84
MinimumVisualStudioVersion = 10.0.40219.1
Project("{FAE04EC0-301F-11D3-BF4B-00C04F79EFBC}") = "CalculadoraC#", "CalculadoraC#\CalculadoraC#.csproj", "{D477EEE9-421D-4892-94A3-D1E19840BDDD}"
EndProject
Global
	GlobalSection(SolutionConfigurationPlatforms) = preSolution
		Debug|Any CPU = Debug|Any CPU
		Release|Any CPU = Release|Any CPU
	EndGlobalSection
	GlobalSection(ProjectConfigurationPlatforms) = postSolution
		{D477EEE9-421D-4892-94A3-D1E19840BDDD}.Debug|Any CPU.ActiveCfg = Debug|Any CPU
		{D477EEE9-421D-4892-94A3-D1E19840BDDD}.Debug|Any CPU.Build.0 = Debug|Any CPU
		{D477EEE9-421D-4892-94A3-D1E19840BDDD}.Release|Any CPU.ActiveCfg = Release|Any CPU
		{D477EEE9-421D-4892-94A3-D1E19840BDDD}.Release|Any CPU.Build.0 = Release|Any CPU
	EndGlobalSection
	GlobalSection(SolutionProperties) = preSolution
		HideSolutionNode = FALSE
	EndGlobalSection
	GlobalSection(ExtensibilityGlobals) = postSolution
		SolutionGuid = {82686D0A-B6A3-4B36-B170-6CF1390AF58F}
	EndGlobalSection
EndGlobal
